// !$*UTF8*$!
{
	archiveVersion = 1;
	classes = {
	};
	objectVersion = 56;
	objects = {

/* Begin PBXBuildFile section */
		3D42999B2873A3AC00D6846B /* CardView.swift in Sources */ = {isa = PBXBuildFile; fileRef = 3D42999A2873A3AC00D6846B /* CardView.swift */; };
		3D58274E287467AB00C5F80A /* ImageView.swift in Sources */ = {isa = PBXBuildFile; fileRef = 3D58274D287467AB00C5F80A /* ImageView.swift */; };
		3D582751287498AB00C5F80A /* DetailItemView.swift in Sources */ = {isa = PBXBuildFile; fileRef = 3D582750287498AB00C5F80A /* DetailItemView.swift */; };
		3D582753287498BE00C5F80A /* BusinessDetailViewModel.swift in Sources */ = {isa = PBXBuildFile; fileRef = 3D582752287498BE00C5F80A /* BusinessDetailViewModel.swift */; };
		3D58275528749B3400C5F80A /* ReviewsView.swift in Sources */ = {isa = PBXBuildFile; fileRef = 3D58275428749B3400C5F80A /* ReviewsView.swift */; };
		3D5827572874A00C00C5F80A /* BusinessesViewModel.swift in Sources */ = {isa = PBXBuildFile; fileRef = 3D5827562874A00C00C5F80A /* BusinessesViewModel.swift */; };
		D133265A2861133C0009AA77 /* DinersApp.swift in Sources */ = {isa = PBXBuildFile; fileRef = D13326592861133C0009AA77 /* DinersApp.swift */; };
		D133265C2861133C0009AA77 /* HomeView.swift in Sources */ = {isa = PBXBuildFile; fileRef = D133265B2861133C0009AA77 /* HomeView.swift */; };
		D133265E2861133D0009AA77 /* Assets.xcassets in Resources */ = {isa = PBXBuildFile; fileRef = D133265D2861133D0009AA77 /* Assets.xcassets */; };
		D13326622861133D0009AA77 /* Preview Assets.xcassets in Resources */ = {isa = PBXBuildFile; fileRef = D13326612861133D0009AA77 /* Preview Assets.xcassets */; };
		D13711B0286BFE8B00A0624C /* BusinessDetailView.swift in Sources */ = {isa = PBXBuildFile; fileRef = D13711AF286BFE8B00A0624C /* BusinessDetailView.swift */; };
		D13711B2286C026200A0624C /* Color.swift in Sources */ = {isa = PBXBuildFile; fileRef = D13711B1286C026200A0624C /* Color.swift */; };
		D18593CE2869704200645228 /* Data.swift in Sources */ = {isa = PBXBuildFile; fileRef = D18593CD2869704200645228 /* Data.swift */; };
		D185DC54287590CF00D1CE06 /* RowImage.swift in Sources */ = {isa = PBXBuildFile; fileRef = D185DC53287590CF00D1CE06 /* RowImage.swift */; };
		D185DC562875947300D1CE06 /* BusinessRowView.swift in Sources */ = {isa = PBXBuildFile; fileRef = D185DC552875947300D1CE06 /* BusinessRowView.swift */; };
		D1865875286511DE00148A75 /* Pricing.swift in Sources */ = {isa = PBXBuildFile; fileRef = D1865874286511DE00148A75 /* Pricing.swift */; };
		D1865877286513EB00148A75 /* Models.swift in Sources */ = {isa = PBXBuildFile; fileRef = D1865876286513EB00148A75 /* Models.swift */; };
		D186588528651BA200148A75 /* Image.swift in Sources */ = {isa = PBXBuildFile; fileRef = D186588428651BA200148A75 /* Image.swift */; };
		D186588728651C1700148A75 /* BusinessCardView.swift in Sources */ = {isa = PBXBuildFile; fileRef = D186588628651C1700148A75 /* BusinessCardView.swift */; };
		D18658892866C36B00148A75 /* MockData.swift in Sources */ = {isa = PBXBuildFile; fileRef = D18658882866C36B00148A75 /* MockData.swift */; };
		D186588B2866CEEF00148A75 /* BusinessesView.swift in Sources */ = {isa = PBXBuildFile; fileRef = D186588A2866CEEF00148A75 /* BusinessesView.swift */; };
		D186588D28676BC300148A75 /* View.swift in Sources */ = {isa = PBXBuildFile; fileRef = D186588C28676BC300148A75 /* View.swift */; };
		D186589128678D2800148A75 /* Endpoint.swift in Sources */ = {isa = PBXBuildFile; fileRef = D186589028678D2800148A75 /* Endpoint.swift */; };
		D186589328679A1300148A75 /* Network.swift in Sources */ = {isa = PBXBuildFile; fileRef = D186589228679A1300148A75 /* Network.swift */; };
		D18CC6632868ADA600E01A2A /* Error.swift in Sources */ = {isa = PBXBuildFile; fileRef = D18CC6622868ADA600E01A2A /* Error.swift */; };
		D18CC6672868BBA100E01A2A /* HomeViewModel.swift in Sources */ = {isa = PBXBuildFile; fileRef = D18CC6662868BBA100E01A2A /* HomeViewModel.swift */; };
		D18CC6692868BE4500E01A2A /* BusinessService.swift in Sources */ = {isa = PBXBuildFile; fileRef = D18CC6682868BE4500E01A2A /* BusinessService.swift */; };
/* End PBXBuildFile section */

/* Begin PBXFileReference section */
		3D42999A2873A3AC00D6846B /* CardView.swift */ = {isa = PBXFileReference; lastKnownFileType = sourcecode.swift; path = CardView.swift; sourceTree = "<group>"; };
		3D58274D287467AB00C5F80A /* ImageView.swift */ = {isa = PBXFileReference; lastKnownFileType = sourcecode.swift; path = ImageView.swift; sourceTree = "<group>"; };
		3D582750287498AB00C5F80A /* DetailItemView.swift */ = {isa = PBXFileReference; lastKnownFileType = sourcecode.swift; path = DetailItemView.swift; sourceTree = "<group>"; };
		3D582752287498BE00C5F80A /* BusinessDetailViewModel.swift */ = {isa = PBXFileReference; lastKnownFileType = sourcecode.swift; path = BusinessDetailViewModel.swift; sourceTree = "<group>"; };
		3D58275428749B3400C5F80A /* ReviewsView.swift */ = {isa = PBXFileReference; lastKnownFileType = sourcecode.swift; path = ReviewsView.swift; sourceTree = "<group>"; };
		3D5827562874A00C00C5F80A /* BusinessesViewModel.swift */ = {isa = PBXFileReference; lastKnownFileType = sourcecode.swift; path = BusinessesViewModel.swift; sourceTree = "<group>"; };
		D13326562861133C0009AA77 /* Diners.app */ = {isa = PBXFileReference; explicitFileType = wrapper.application; includeInIndex = 0; path = Diners.app; sourceTree = BUILT_PRODUCTS_DIR; };
		D13326592861133C0009AA77 /* DinersApp.swift */ = {isa = PBXFileReference; lastKnownFileType = sourcecode.swift; path = DinersApp.swift; sourceTree = "<group>"; };
		D133265B2861133C0009AA77 /* HomeView.swift */ = {isa = PBXFileReference; lastKnownFileType = sourcecode.swift; path = HomeView.swift; sourceTree = "<group>"; };
		D133265D2861133D0009AA77 /* Assets.xcassets */ = {isa = PBXFileReference; lastKnownFileType = folder.assetcatalog; path = Assets.xcassets; sourceTree = "<group>"; };
		D133265F2861133D0009AA77 /* Diners.entitlements */ = {isa = PBXFileReference; lastKnownFileType = text.plist.entitlements; path = Diners.entitlements; sourceTree = "<group>"; };
		D13326612861133D0009AA77 /* Preview Assets.xcassets */ = {isa = PBXFileReference; lastKnownFileType = folder.assetcatalog; path = "Preview Assets.xcassets"; sourceTree = "<group>"; };
		D13711AF286BFE8B00A0624C /* BusinessDetailView.swift */ = {isa = PBXFileReference; lastKnownFileType = sourcecode.swift; path = BusinessDetailView.swift; sourceTree = "<group>"; };
		D13711B1286C026200A0624C /* Color.swift */ = {isa = PBXFileReference; lastKnownFileType = sourcecode.swift; path = Color.swift; sourceTree = "<group>"; };
		D18593CD2869704200645228 /* Data.swift */ = {isa = PBXFileReference; lastKnownFileType = sourcecode.swift; path = Data.swift; sourceTree = "<group>"; };
		D185DC53287590CF00D1CE06 /* RowImage.swift */ = {isa = PBXFileReference; lastKnownFileType = sourcecode.swift; path = RowImage.swift; sourceTree = "<group>"; };
		D185DC552875947300D1CE06 /* BusinessRowView.swift */ = {isa = PBXFileReference; lastKnownFileType = sourcecode.swift; path = BusinessRowView.swift; sourceTree = "<group>"; };
		D1865874286511DE00148A75 /* Pricing.swift */ = {isa = PBXFileReference; lastKnownFileType = sourcecode.swift; path = Pricing.swift; sourceTree = "<group>"; };
		D1865876286513EB00148A75 /* Models.swift */ = {isa = PBXFileReference; lastKnownFileType = sourcecode.swift; path = Models.swift; sourceTree = "<group>"; };
		D186588428651BA200148A75 /* Image.swift */ = {isa = PBXFileReference; lastKnownFileType = sourcecode.swift; path = Image.swift; sourceTree = "<group>"; };
		D186588628651C1700148A75 /* BusinessCardView.swift */ = {isa = PBXFileReference; lastKnownFileType = sourcecode.swift; path = BusinessCardView.swift; sourceTree = "<group>"; };
		D18658882866C36B00148A75 /* MockData.swift */ = {isa = PBXFileReference; lastKnownFileType = sourcecode.swift; path = MockData.swift; sourceTree = "<group>"; };
		D186588A2866CEEF00148A75 /* BusinessesView.swift */ = {isa = PBXFileReference; lastKnownFileType = sourcecode.swift; path = BusinessesView.swift; sourceTree = "<group>"; };
		D186588C28676BC300148A75 /* View.swift */ = {isa = PBXFileReference; lastKnownFileType = sourcecode.swift; path = View.swift; sourceTree = "<group>"; };
		D186589028678D2800148A75 /* Endpoint.swift */ = {isa = PBXFileReference; lastKnownFileType = sourcecode.swift; path = Endpoint.swift; sourceTree = "<group>"; };
		D186589228679A1300148A75 /* Network.swift */ = {isa = PBXFileReference; lastKnownFileType = sourcecode.swift; path = Network.swift; sourceTree = "<group>"; };
		D18CC6622868ADA600E01A2A /* Error.swift */ = {isa = PBXFileReference; lastKnownFileType = sourcecode.swift; path = Error.swift; sourceTree = "<group>"; };
		D18CC6662868BBA100E01A2A /* HomeViewModel.swift */ = {isa = PBXFileReference; lastKnownFileType = sourcecode.swift; path = HomeViewModel.swift; sourceTree = "<group>"; };
		D18CC6682868BE4500E01A2A /* BusinessService.swift */ = {isa = PBXFileReference; lastKnownFileType = sourcecode.swift; path = BusinessService.swift; sourceTree = "<group>"; };
/* End PBXFileReference section */

/* Begin PBXFrameworksBuildPhase section */
		D13326532861133C0009AA77 /* Frameworks */ = {
			isa = PBXFrameworksBuildPhase;
			buildActionMask = 2147483647;
			files = (
			);
			runOnlyForDeploymentPostprocessing = 0;
		};
/* End PBXFrameworksBuildPhase section */

/* Begin PBXGroup section */
		3D4299992873A39400D6846B /* Modifiers */ = {
			isa = PBXGroup;
			children = (
				3D42999A2873A3AC00D6846B /* CardView.swift */,
			);
			path = Modifiers;
			sourceTree = "<group>";
		};
		3D42999C2873A66B00D6846B /* Home */ = {
			isa = PBXGroup;
			children = (
				D133265B2861133C0009AA77 /* HomeView.swift */,
				D18CC6662868BBA100E01A2A /* HomeViewModel.swift */,
			);
			path = Home;
			sourceTree = "<group>";
		};
		3D42999D2873A68A00D6846B /* Businesses */ = {
			isa = PBXGroup;
			children = (
				D186588A2866CEEF00148A75 /* BusinessesView.swift */,
				3D5827562874A00C00C5F80A /* BusinessesViewModel.swift */,
			);
			path = Businesses;
			sourceTree = "<group>";
		};
		3D58274B287450B300C5F80A /* BusinessDetail */ = {
			isa = PBXGroup;
			children = (
				D13711AF286BFE8B00A0624C /* BusinessDetailView.swift */,
				3D582752287498BE00C5F80A /* BusinessDetailViewModel.swift */,
			);
			path = BusinessDetail;
			sourceTree = "<group>";
		};
		3D58274F28748CB300C5F80A /* Shared */ = {
			isa = PBXGroup;
			children = (
				D186588628651C1700148A75 /* BusinessCardView.swift */,
				3D58274D287467AB00C5F80A /* ImageView.swift */,
				3D582750287498AB00C5F80A /* DetailItemView.swift */,
				3D58275428749B3400C5F80A /* ReviewsView.swift */,
			);
			path = Shared;
			sourceTree = "<group>";
		};
		D133264D2861133C0009AA77 = {
			isa = PBXGroup;
			children = (
				D13326582861133C0009AA77 /* Diners */,
				D13326572861133C0009AA77 /* Products */,
			);
			sourceTree = "<group>";
		};
		D13326572861133C0009AA77 /* Products */ = {
			isa = PBXGroup;
			children = (
				D13326562861133C0009AA77 /* Diners.app */,
			);
			name = Products;
			sourceTree = "<group>";
		};
		D13326582861133C0009AA77 /* Diners */ = {
			isa = PBXGroup;
			children = (
				D186588F28678D1900148A75 /* API */,
				D186588E28678CBD00148A75 /* Models */,
				D186588128651AB300148A75 /* Extensions */,
				3D4299992873A39400D6846B /* Modifiers */,
				D18658782865199A00148A75 /* Views */,
				D13326592861133C0009AA77 /* DinersApp.swift */,
				D133265D2861133D0009AA77 /* Assets.xcassets */,
				D133265F2861133D0009AA77 /* Diners.entitlements */,
				D13326602861133D0009AA77 /* Preview Content */,
			);
			path = Diners;
			sourceTree = "<group>";
		};
		D13326602861133D0009AA77 /* Preview Content */ = {
			isa = PBXGroup;
			children = (
				D13326612861133D0009AA77 /* Preview Assets.xcassets */,
			);
			path = "Preview Content";
			sourceTree = "<group>";
		};
		D185DC522875906600D1CE06 /* ContentRow */ = {
			isa = PBXGroup;
			children = (
				D185DC53287590CF00D1CE06 /* RowImage.swift */,
				D185DC552875947300D1CE06 /* BusinessRowView.swift */,
			);
			path = ContentRow;
			sourceTree = "<group>";
		};
		D18658782865199A00148A75 /* Views */ = {
			isa = PBXGroup;
			children = (
				D185DC522875906600D1CE06 /* ContentRow */,
				3D42999C2873A66B00D6846B /* Home */,
				3D42999D2873A68A00D6846B /* Businesses */,
				3D58274B287450B300C5F80A /* BusinessDetail */,
				3D58274F28748CB300C5F80A /* Shared */,
			);
			path = Views;
			sourceTree = "<group>";
		};
		D186588128651AB300148A75 /* Extensions */ = {
			isa = PBXGroup;
			children = (
				D186588428651BA200148A75 /* Image.swift */,
				D186588C28676BC300148A75 /* View.swift */,
				D18593CD2869704200645228 /* Data.swift */,
				D13711B1286C026200A0624C /* Color.swift */,
			);
			path = Extensions;
			sourceTree = "<group>";
		};
		D186588E28678CBD00148A75 /* Models */ = {
			isa = PBXGroup;
			children = (
				D1865874286511DE00148A75 /* Pricing.swift */,
				D1865876286513EB00148A75 /* Models.swift */,
				D18658882866C36B00148A75 /* MockData.swift */,
			);
			path = Models;
			sourceTree = "<group>";
		};
		D186588F28678D1900148A75 /* API */ = {
			isa = PBXGroup;
			children = (
				D186589028678D2800148A75 /* Endpoint.swift */,
				D186589228679A1300148A75 /* Network.swift */,
				D18CC6622868ADA600E01A2A /* Error.swift */,
				D18CC6682868BE4500E01A2A /* BusinessService.swift */,
			);
			path = API;
			sourceTree = "<group>";
		};
/* End PBXGroup section */

/* Begin PBXNativeTarget section */
		D13326552861133C0009AA77 /* Diners */ = {
			isa = PBXNativeTarget;
			buildConfigurationList = D13326652861133D0009AA77 /* Build configuration list for PBXNativeTarget "Diners" */;
			buildPhases = (
				D13326522861133C0009AA77 /* Sources */,
				D13326532861133C0009AA77 /* Frameworks */,
				D13326542861133C0009AA77 /* Resources */,
			);
			buildRules = (
			);
			dependencies = (
			);
			name = Diners;
			productName = Diners;
			productReference = D13326562861133C0009AA77 /* Diners.app */;
			productType = "com.apple.product-type.application";
		};
/* End PBXNativeTarget section */

/* Begin PBXProject section */
		D133264E2861133C0009AA77 /* Project object */ = {
			isa = PBXProject;
			attributes = {
				BuildIndependentTargetsInParallel = 1;
				LastSwiftUpdateCheck = 1400;
				LastUpgradeCheck = 1400;
				TargetAttributes = {
					D13326552861133C0009AA77 = {
						CreatedOnToolsVersion = 14.0;
					};
				};
			};
			buildConfigurationList = D13326512861133C0009AA77 /* Build configuration list for PBXProject "Diners" */;
			compatibilityVersion = "Xcode 14.0";
			developmentRegion = en;
			hasScannedForEncodings = 0;
			knownRegions = (
				en,
				Base,
			);
			mainGroup = D133264D2861133C0009AA77;
			productRefGroup = D13326572861133C0009AA77 /* Products */;
			projectDirPath = "";
			projectRoot = "";
			targets = (
				D13326552861133C0009AA77 /* Diners */,
			);
		};
/* End PBXProject section */

/* Begin PBXResourcesBuildPhase section */
		D13326542861133C0009AA77 /* Resources */ = {
			isa = PBXResourcesBuildPhase;
			buildActionMask = 2147483647;
			files = (
				D13326622861133D0009AA77 /* Preview Assets.xcassets in Resources */,
				D133265E2861133D0009AA77 /* Assets.xcassets in Resources */,
			);
			runOnlyForDeploymentPostprocessing = 0;
		};
/* End PBXResourcesBuildPhase section */

/* Begin PBXSourcesBuildPhase section */
		D13326522861133C0009AA77 /* Sources */ = {
			isa = PBXSourcesBuildPhase;
			buildActionMask = 2147483647;
			files = (
				3D58275528749B3400C5F80A /* ReviewsView.swift in Sources */,
				D18658892866C36B00148A75 /* MockData.swift in Sources */,
				3D58274E287467AB00C5F80A /* ImageView.swift in Sources */,
				D186588B2866CEEF00148A75 /* BusinessesView.swift in Sources */,
				D186589328679A1300148A75 /* Network.swift in Sources */,
				3D582751287498AB00C5F80A /* DetailItemView.swift in Sources */,
				D18CC6632868ADA600E01A2A /* Error.swift in Sources */,
				D18CC6692868BE4500E01A2A /* BusinessService.swift in Sources */,
				D186588528651BA200148A75 /* Image.swift in Sources */,
				D1865875286511DE00148A75 /* Pricing.swift in Sources */,
				D133265C2861133C0009AA77 /* HomeView.swift in Sources */,
				D133265A2861133C0009AA77 /* DinersApp.swift in Sources */,
				D185DC54287590CF00D1CE06 /* RowImage.swift in Sources */,
				D186588D28676BC300148A75 /* View.swift in Sources */,
				3D42999B2873A3AC00D6846B /* CardView.swift in Sources */,
				3D582753287498BE00C5F80A /* BusinessDetailViewModel.swift in Sources */,
				D185DC562875947300D1CE06 /* BusinessRowView.swift in Sources */,
				D18CC6672868BBA100E01A2A /* HomeViewModel.swift in Sources */,
				D13711B0286BFE8B00A0624C /* BusinessDetailView.swift in Sources */,
				D186588728651C1700148A75 /* BusinessCardView.swift in Sources */,
				D1865877286513EB00148A75 /* Models.swift in Sources */,
				3D5827572874A00C00C5F80A /* BusinessesViewModel.swift in Sources */,
				D186589128678D2800148A75 /* Endpoint.swift in Sources */,
				D18593CE2869704200645228 /* Data.swift in Sources */,
				D13711B2286C026200A0624C /* Color.swift in Sources */,
			);
			runOnlyForDeploymentPostprocessing = 0;
		};
/* End PBXSourcesBuildPhase section */

/* Begin XCBuildConfiguration section */
		D13326632861133D0009AA77 /* Debug */ = {
			isa = XCBuildConfiguration;
			buildSettings = {
				ALWAYS_SEARCH_USER_PATHS = NO;
				CLANG_ANALYZER_NONNULL = YES;
				CLANG_ANALYZER_NUMBER_OBJECT_CONVERSION = YES_AGGRESSIVE;
				CLANG_CXX_LANGUAGE_STANDARD = "gnu++17";
				CLANG_ENABLE_MODULES = YES;
				CLANG_ENABLE_OBJC_ARC = YES;
				CLANG_ENABLE_OBJC_WEAK = YES;
				CLANG_WARN_BLOCK_CAPTURE_AUTORELEASING = YES;
				CLANG_WARN_BOOL_CONVERSION = YES;
				CLANG_WARN_COMMA = YES;
				CLANG_WARN_CONSTANT_CONVERSION = YES;
				CLANG_WARN_DEPRECATED_OBJC_IMPLEMENTATIONS = YES;
				CLANG_WARN_DIRECT_OBJC_ISA_USAGE = YES_ERROR;
				CLANG_WARN_DOCUMENTATION_COMMENTS = YES;
				CLANG_WARN_EMPTY_BODY = YES;
				CLANG_WARN_ENUM_CONVERSION = YES;
				CLANG_WARN_INFINITE_RECURSION = YES;
				CLANG_WARN_INT_CONVERSION = YES;
				CLANG_WARN_NON_LITERAL_NULL_CONVERSION = YES;
				CLANG_WARN_OBJC_IMPLICIT_RETAIN_SELF = YES;
				CLANG_WARN_OBJC_LITERAL_CONVERSION = YES;
				CLANG_WARN_OBJC_ROOT_CLASS = YES_ERROR;
				CLANG_WARN_QUOTED_INCLUDE_IN_FRAMEWORK_HEADER = YES;
				CLANG_WARN_RANGE_LOOP_ANALYSIS = YES;
				CLANG_WARN_STRICT_PROTOTYPES = YES;
				CLANG_WARN_SUSPICIOUS_MOVE = YES;
				CLANG_WARN_UNGUARDED_AVAILABILITY = YES_AGGRESSIVE;
				CLANG_WARN_UNREACHABLE_CODE = YES;
				CLANG_WARN__DUPLICATE_METHOD_MATCH = YES;
				COPY_PHASE_STRIP = NO;
				DEBUG_INFORMATION_FORMAT = dwarf;
				ENABLE_STRICT_OBJC_MSGSEND = YES;
				ENABLE_TESTABILITY = YES;
				GCC_C_LANGUAGE_STANDARD = gnu11;
				GCC_DYNAMIC_NO_PIC = NO;
				GCC_NO_COMMON_BLOCKS = YES;
				GCC_OPTIMIZATION_LEVEL = 0;
				GCC_PREPROCESSOR_DEFINITIONS = (
					"DEBUG=1",
					"$(inherited)",
				);
				GCC_WARN_64_TO_32_BIT_CONVERSION = YES;
				GCC_WARN_ABOUT_RETURN_TYPE = YES_ERROR;
				GCC_WARN_UNDECLARED_SELECTOR = YES;
				GCC_WARN_UNINITIALIZED_AUTOS = YES_AGGRESSIVE;
				GCC_WARN_UNUSED_FUNCTION = YES;
				GCC_WARN_UNUSED_VARIABLE = YES;
				MTL_ENABLE_DEBUG_INFO = INCLUDE_SOURCE;
				MTL_FAST_MATH = YES;
				ONLY_ACTIVE_ARCH = YES;
				SWIFT_ACTIVE_COMPILATION_CONDITIONS = DEBUG;
				SWIFT_OPTIMIZATION_LEVEL = "-Onone";
			};
			name = Debug;
		};
		D13326642861133D0009AA77 /* Release */ = {
			isa = XCBuildConfiguration;
			buildSettings = {
				ALWAYS_SEARCH_USER_PATHS = NO;
				CLANG_ANALYZER_NONNULL = YES;
				CLANG_ANALYZER_NUMBER_OBJECT_CONVERSION = YES_AGGRESSIVE;
				CLANG_CXX_LANGUAGE_STANDARD = "gnu++17";
				CLANG_ENABLE_MODULES = YES;
				CLANG_ENABLE_OBJC_ARC = YES;
				CLANG_ENABLE_OBJC_WEAK = YES;
				CLANG_WARN_BLOCK_CAPTURE_AUTORELEASING = YES;
				CLANG_WARN_BOOL_CONVERSION = YES;
				CLANG_WARN_COMMA = YES;
				CLANG_WARN_CONSTANT_CONVERSION = YES;
				CLANG_WARN_DEPRECATED_OBJC_IMPLEMENTATIONS = YES;
				CLANG_WARN_DIRECT_OBJC_ISA_USAGE = YES_ERROR;
				CLANG_WARN_DOCUMENTATION_COMMENTS = YES;
				CLANG_WARN_EMPTY_BODY = YES;
				CLANG_WARN_ENUM_CONVERSION = YES;
				CLANG_WARN_INFINITE_RECURSION = YES;
				CLANG_WARN_INT_CONVERSION = YES;
				CLANG_WARN_NON_LITERAL_NULL_CONVERSION = YES;
				CLANG_WARN_OBJC_IMPLICIT_RETAIN_SELF = YES;
				CLANG_WARN_OBJC_LITERAL_CONVERSION = YES;
				CLANG_WARN_OBJC_ROOT_CLASS = YES_ERROR;
				CLANG_WARN_QUOTED_INCLUDE_IN_FRAMEWORK_HEADER = YES;
				CLANG_WARN_RANGE_LOOP_ANALYSIS = YES;
				CLANG_WARN_STRICT_PROTOTYPES = YES;
				CLANG_WARN_SUSPICIOUS_MOVE = YES;
				CLANG_WARN_UNGUARDED_AVAILABILITY = YES_AGGRESSIVE;
				CLANG_WARN_UNREACHABLE_CODE = YES;
				CLANG_WARN__DUPLICATE_METHOD_MATCH = YES;
				COPY_PHASE_STRIP = NO;
				DEBUG_INFORMATION_FORMAT = "dwarf-with-dsym";
				ENABLE_NS_ASSERTIONS = NO;
				ENABLE_STRICT_OBJC_MSGSEND = YES;
				GCC_C_LANGUAGE_STANDARD = gnu11;
				GCC_NO_COMMON_BLOCKS = YES;
				GCC_WARN_64_TO_32_BIT_CONVERSION = YES;
				GCC_WARN_ABOUT_RETURN_TYPE = YES_ERROR;
				GCC_WARN_UNDECLARED_SELECTOR = YES;
				GCC_WARN_UNINITIALIZED_AUTOS = YES_AGGRESSIVE;
				GCC_WARN_UNUSED_FUNCTION = YES;
				GCC_WARN_UNUSED_VARIABLE = YES;
				MTL_ENABLE_DEBUG_INFO = NO;
				MTL_FAST_MATH = YES;
				SWIFT_COMPILATION_MODE = wholemodule;
				SWIFT_OPTIMIZATION_LEVEL = "-O";
			};
			name = Release;
		};
		D13326662861133D0009AA77 /* Debug */ = {
			isa = XCBuildConfiguration;
			buildSettings = {
				ASSETCATALOG_COMPILER_APPICON_NAME = AppIcon;
				ASSETCATALOG_COMPILER_GLOBAL_ACCENT_COLOR_NAME = AccentColor;
				CODE_SIGN_ENTITLEMENTS = Diners/Diners.entitlements;
				CODE_SIGN_STYLE = Automatic;
				CURRENT_PROJECT_VERSION = 1;
				DEVELOPMENT_ASSET_PATHS = "\"Diners/Preview Content\"";
				ENABLE_PREVIEWS = YES;
				GENERATE_INFOPLIST_FILE = YES;
				"INFOPLIST_KEY_UILaunchScreen_Generation[sdk=iphoneos*]" = YES;
				"INFOPLIST_KEY_UILaunchScreen_Generation[sdk=iphonesimulator*]" = YES;
				INFOPLIST_KEY_UISupportedInterfaceOrientations_iPad = "UIInterfaceOrientationPortrait UIInterfaceOrientationPortraitUpsideDown UIInterfaceOrientationLandscapeLeft UIInterfaceOrientationLandscapeRight";
				INFOPLIST_KEY_UISupportedInterfaceOrientations_iPhone = "UIInterfaceOrientationPortrait UIInterfaceOrientationLandscapeLeft UIInterfaceOrientationLandscapeRight";
				IPHONEOS_DEPLOYMENT_TARGET = 16.0;
				LD_RUNPATH_SEARCH_PATHS = "@executable_path/Frameworks";
				"LD_RUNPATH_SEARCH_PATHS[sdk=macosx*]" = "@executable_path/../Frameworks";
				MACOSX_DEPLOYMENT_TARGET = 12.4;
				MARKETING_VERSION = 1.0;
				PRODUCT_BUNDLE_IDENTIFIER = com.ndlovus.Diners;
				PRODUCT_NAME = "$(TARGET_NAME)";
				SDKROOT = auto;
				SUPPORTED_PLATFORMS = "iphoneos iphonesimulator macosx";
				SWIFT_EMIT_LOC_STRINGS = YES;
				SWIFT_VERSION = 5.0;
				TARGETED_DEVICE_FAMILY = "1,2";
			};
			name = Debug;
		};
		D13326672861133D0009AA77 /* Release */ = {
			isa = XCBuildConfiguration;
			buildSettings = {
				ASSETCATALOG_COMPILER_APPICON_NAME = AppIcon;
				ASSETCATALOG_COMPILER_GLOBAL_ACCENT_COLOR_NAME = AccentColor;
				CODE_SIGN_ENTITLEMENTS = Diners/Diners.entitlements;
				CODE_SIGN_STYLE = Automatic;
				CURRENT_PROJECT_VERSION = 1;
				DEVELOPMENT_ASSET_PATHS = "\"Diners/Preview Content\"";
				ENABLE_PREVIEWS = YES;
				GENERATE_INFOPLIST_FILE = YES;
				"INFOPLIST_KEY_UILaunchScreen_Generation[sdk=iphoneos*]" = YES;
				"INFOPLIST_KEY_UILaunchScreen_Generation[sdk=iphonesimulator*]" = YES;
				INFOPLIST_KEY_UISupportedInterfaceOrientations_iPad = "UIInterfaceOrientationPortrait UIInterfaceOrientationPortraitUpsideDown UIInterfaceOrientationLandscapeLeft UIInterfaceOrientationLandscapeRight";
				INFOPLIST_KEY_UISupportedInterfaceOrientations_iPhone = "UIInterfaceOrientationPortrait UIInterfaceOrientationLandscapeLeft UIInterfaceOrientationLandscapeRight";
				IPHONEOS_DEPLOYMENT_TARGET = 16.0;
				LD_RUNPATH_SEARCH_PATHS = "@executable_path/Frameworks";
				"LD_RUNPATH_SEARCH_PATHS[sdk=macosx*]" = "@executable_path/../Frameworks";
				MACOSX_DEPLOYMENT_TARGET = 12.4;
				MARKETING_VERSION = 1.0;
				PRODUCT_BUNDLE_IDENTIFIER = com.ndlovus.Diners;
				PRODUCT_NAME = "$(TARGET_NAME)";
				SDKROOT = auto;
				SUPPORTED_PLATFORMS = "iphoneos iphonesimulator macosx";
				SWIFT_EMIT_LOC_STRINGS = YES;
				SWIFT_VERSION = 5.0;
				TARGETED_DEVICE_FAMILY = "1,2";
			};
			name = Release;
		};
/* End XCBuildConfiguration section */

/* Begin XCConfigurationList section */
		D13326512861133C0009AA77 /* Build configuration list for PBXProject "Diners" */ = {
			isa = XCConfigurationList;
			buildConfigurations = (
				D13326632861133D0009AA77 /* Debug */,
				D13326642861133D0009AA77 /* Release */,
			);
			defaultConfigurationIsVisible = 0;
			defaultConfigurationName = Release;
		};
		D13326652861133D0009AA77 /* Build configuration list for PBXNativeTarget "Diners" */ = {
			isa = XCConfigurationList;
			buildConfigurations = (
				D13326662861133D0009AA77 /* Debug */,
				D13326672861133D0009AA77 /* Release */,
			);
			defaultConfigurationIsVisible = 0;
			defaultConfigurationName = Release;
		};
/* End XCConfigurationList section */
	};
	rootObject = D133264E2861133C0009AA77 /* Project object */;
}
